
Microsoft Visual Studio Solution File, Format Version 12.00
# Visual Studio Version 16
VisualStudioVersion = 16.0.31911.196
MinimumVisualStudioVersion = 10.0.40219.1
Project("{FAE04EC0-301F-11D3-BF4B-00C04F79EFBC}") = "Enlottery", "Enlottery\Enlottery.csproj", "{11241824-6EE6-4039-9725-E790878337EF}"
EndProject
Project("{840C416C-B8F3-42BC-B0DD-F6BB14C9F8CB}") = "SetupProject", "SetupProject\SetupProject.aiproj", "{143ED215-2624-4EE5-86C3-C6CB9E50C67A}"
EndProject
Global
	GlobalSection(SolutionConfigurationPlatforms) = preSolution
		All|Any CPU = All|Any CPU
		Debug|Any CPU = Debug|Any CPU
		Release|Any CPU = Release|Any CPU
	EndGlobalSection
	GlobalSection(ProjectConfigurationPlatforms) = postSolution
		{11241824-6EE6-4039-9725-E790878337EF}.All|Any CPU.ActiveCfg = Release|Any CPU
		{11241824-6EE6-4039-9725-E790878337EF}.All|Any CPU.Build.0 = Release|Any CPU
		{11241824-6EE6-4039-9725-E790878337EF}.Debug|Any CPU.ActiveCfg = Debug|Any CPU
		{11241824-6EE6-4039-9725-E790878337EF}.Debug|Any CPU.Build.0 = Debug|Any CPU
		{11241824-6EE6-4039-9725-E790878337EF}.Release|Any CPU.ActiveCfg = Release|Any CPU
		{11241824-6EE6-4039-9725-E790878337EF}.Release|Any CPU.Build.0 = Release|Any CPU
		{143ED215-2624-4EE5-86C3-C6CB9E50C67A}.All|Any CPU.ActiveCfg = DefaultBuild
		{143ED215-2624-4EE5-86C3-C6CB9E50C67A}.Debug|Any CPU.ActiveCfg = DefaultBuild
		{143ED215-2624-4EE5-86C3-C6CB9E50C67A}.Release|Any CPU.ActiveCfg = DefaultBuild
	EndGlobalSection
	GlobalSection(SolutionProperties) = preSolution
		HideSolutionNode = FALSE
	EndGlobalSection
	GlobalSection(ExtensibilityGlobals) = postSolution
		SolutionGuid = {A4EF2673-7754-43A8-9514-A5AD8BD0237F}
	EndGlobalSection
EndGlobal
